// !$*UTF8*$!
{
	archiveVersion = 1;
	classes = {
	};
	objectVersion = 50;
	objects = {

/* Begin PBXBuildFile section */
		0F23218A2505F03200EFDB8A /* AppDelegate.swift in Sources */ = {isa = PBXBuildFile; fileRef = 0F2321892505F03200EFDB8A /* AppDelegate.swift */; };
		0F23218C2505F03200EFDB8A /* SceneDelegate.swift in Sources */ = {isa = PBXBuildFile; fileRef = 0F23218B2505F03200EFDB8A /* SceneDelegate.swift */; };
		0F23218E2505F03200EFDB8A /* NewsViewController.swift in Sources */ = {isa = PBXBuildFile; fileRef = 0F23218D2505F03200EFDB8A /* NewsViewController.swift */; };
		0F2321912505F03200EFDB8A /* Main.storyboard in Resources */ = {isa = PBXBuildFile; fileRef = 0F23218F2505F03200EFDB8A /* Main.storyboard */; };
		0F2321932505F03700EFDB8A /* Assets.xcassets in Resources */ = {isa = PBXBuildFile; fileRef = 0F2321922505F03700EFDB8A /* Assets.xcassets */; };
		0F2321962505F03700EFDB8A /* LaunchScreen.storyboard in Resources */ = {isa = PBXBuildFile; fileRef = 0F2321942505F03700EFDB8A /* LaunchScreen.storyboard */; };
		0F86887F250A832900CA8661 /* NewsArticleCollectionViewCell.swift in Sources */ = {isa = PBXBuildFile; fileRef = 0F86887E250A832900CA8661 /* NewsArticleCollectionViewCell.swift */; };
		0F868881250A876F00CA8661 /* HeaderCollectionViewCell.swift in Sources */ = {isa = PBXBuildFile; fileRef = 0F868880250A876F00CA8661 /* HeaderCollectionViewCell.swift */; };
		0F86F61A250E630700E1954B /* NewsArticle.swift in Sources */ = {isa = PBXBuildFile; fileRef = 0F86F619250E630700E1954B /* NewsArticle.swift */; };
/* End PBXBuildFile section */

/* Begin PBXFileReference section */
		0F2321862505F03200EFDB8A /* Personal Project 1.app */ = {isa = PBXFileReference; explicitFileType = wrapper.application; includeInIndex = 0; path = "Personal Project 1.app"; sourceTree = BUILT_PRODUCTS_DIR; };
		0F2321892505F03200EFDB8A /* AppDelegate.swift */ = {isa = PBXFileReference; lastKnownFileType = sourcecode.swift; path = AppDelegate.swift; sourceTree = "<group>"; };
		0F23218B2505F03200EFDB8A /* SceneDelegate.swift */ = {isa = PBXFileReference; lastKnownFileType = sourcecode.swift; path = SceneDelegate.swift; sourceTree = "<group>"; };
		0F23218D2505F03200EFDB8A /* NewsViewController.swift */ = {isa = PBXFileReference; lastKnownFileType = sourcecode.swift; path = NewsViewController.swift; sourceTree = "<group>"; };
		0F2321902505F03200EFDB8A /* Base */ = {isa = PBXFileReference; lastKnownFileType = file.storyboard; name = Base; path = Base.lproj/Main.storyboard; sourceTree = "<group>"; };
		0F2321922505F03700EFDB8A /* Assets.xcassets */ = {isa = PBXFileReference; lastKnownFileType = folder.assetcatalog; path = Assets.xcassets; sourceTree = "<group>"; };
		0F2321952505F03700EFDB8A /* Base */ = {isa = PBXFileReference; lastKnownFileType = file.storyboard; name = Base; path = Base.lproj/LaunchScreen.storyboard; sourceTree = "<group>"; };
		0F2321972505F03700EFDB8A /* Info.plist */ = {isa = PBXFileReference; lastKnownFileType = text.plist.xml; path = Info.plist; sourceTree = "<group>"; };
		0F86887E250A832900CA8661 /* NewsArticleCollectionViewCell.swift */ = {isa = PBXFileReference; lastKnownFileType = sourcecode.swift; path = NewsArticleCollectionViewCell.swift; sourceTree = "<group>"; };
		0F868880250A876F00CA8661 /* HeaderCollectionViewCell.swift */ = {isa = PBXFileReference; lastKnownFileType = sourcecode.swift; path = HeaderCollectionViewCell.swift; sourceTree = "<group>"; };
		0F86F619250E630700E1954B /* NewsArticle.swift */ = {isa = PBXFileReference; lastKnownFileType = sourcecode.swift; path = NewsArticle.swift; sourceTree = "<group>"; };
/* End PBXFileReference section */

/* Begin PBXFrameworksBuildPhase section */
		0F2321832505F03200EFDB8A /* Frameworks */ = {
			isa = PBXFrameworksBuildPhase;
			buildActionMask = 2147483647;
			files = (
			);
			runOnlyForDeploymentPostprocessing = 0;
		};
/* End PBXFrameworksBuildPhase section */

/* Begin PBXGroup section */
		0F23217D2505F03200EFDB8A = {
			isa = PBXGroup;
			children = (
				0F2321882505F03200EFDB8A /* Personal Project 1 */,
				0F2321872505F03200EFDB8A /* Products */,
			);
			sourceTree = "<group>";
		};
		0F2321872505F03200EFDB8A /* Products */ = {
			isa = PBXGroup;
			children = (
				0F2321862505F03200EFDB8A /* Personal Project 1.app */,
			);
			name = Products;
			sourceTree = "<group>";
		};
		0F2321882505F03200EFDB8A /* Personal Project 1 */ = {
			isa = PBXGroup;
			children = (
				0F2321892505F03200EFDB8A /* AppDelegate.swift */,
				0F23218B2505F03200EFDB8A /* SceneDelegate.swift */,
				0F86F619250E630700E1954B /* NewsArticle.swift */,
				0F23218D2505F03200EFDB8A /* NewsViewController.swift */,
				0F86887E250A832900CA8661 /* NewsArticleCollectionViewCell.swift */,
				0F868880250A876F00CA8661 /* HeaderCollectionViewCell.swift */,
				0F23218F2505F03200EFDB8A /* Main.storyboard */,
				0F2321922505F03700EFDB8A /* Assets.xcassets */,
				0F2321942505F03700EFDB8A /* LaunchScreen.storyboard */,
				0F2321972505F03700EFDB8A /* Info.plist */,
			);
			path = "Personal Project 1";
			sourceTree = "<group>";
		};
/* End PBXGroup section */

/* Begin PBXNativeTarget section */
		0F2321852505F03200EFDB8A /* Personal Project 1 */ = {
			isa = PBXNativeTarget;
			buildConfigurationList = 0F23219A2505F03800EFDB8A /* Build configuration list for PBXNativeTarget "Personal Project 1" */;
			buildPhases = (
				0F2321822505F03200EFDB8A /* Sources */,
				0F2321832505F03200EFDB8A /* Frameworks */,
				0F2321842505F03200EFDB8A /* Resources */,
			);
			buildRules = (
			);
			dependencies = (
			);
			name = "Personal Project 1";
			productName = "Personal Project 1";
			productReference = 0F2321862505F03200EFDB8A /* Personal Project 1.app */;
			productType = "com.apple.product-type.application";
		};
/* End PBXNativeTarget section */

/* Begin PBXProject section */
		0F23217E2505F03200EFDB8A /* Project object */ = {
			isa = PBXProject;
			attributes = {
				LastSwiftUpdateCheck = 1170;
				LastUpgradeCheck = 1170;
				ORGANIZATIONNAME = "Daniel Marco S. Rafanan";
				TargetAttributes = {
					0F2321852505F03200EFDB8A = {
						CreatedOnToolsVersion = 11.7;
					};
				};
			};
			buildConfigurationList = 0F2321812505F03200EFDB8A /* Build configuration list for PBXProject "Personal Project 1" */;
			compatibilityVersion = "Xcode 9.3";
			developmentRegion = en;
			hasScannedForEncodings = 0;
			knownRegions = (
				en,
				Base,
			);
			mainGroup = 0F23217D2505F03200EFDB8A;
			productRefGroup = 0F2321872505F03200EFDB8A /* Products */;
			projectDirPath = "";
			projectRoot = "";
			targets = (
				0F2321852505F03200EFDB8A /* Personal Project 1 */,
			);
		};
/* End PBXProject section */

/* Begin PBXResourcesBuildPhase section */
		0F2321842505F03200EFDB8A /* Resources */ = {
			isa = PBXResourcesBuildPhase;
			buildActionMask = 2147483647;
			files = (
				0F2321962505F03700EFDB8A /* LaunchScreen.storyboard in Resources */,
				0F2321932505F03700EFDB8A /* Assets.xcassets in Resources */,
				0F2321912505F03200EFDB8A /* Main.storyboard in Resources */,
			);
			runOnlyForDeploymentPostprocessing = 0;
		};
/* End PBXResourcesBuildPhase section */

/* Begin PBXSourcesBuildPhase section */
		0F2321822505F03200EFDB8A /* Sources */ = {
			isa = PBXSourcesBuildPhase;
			buildActionMask = 2147483647;
			files = (
				0F23218E2505F03200EFDB8A /* NewsViewController.swift in Sources */,
				0F86F61A250E630700E1954B /* NewsArticle.swift in Sources */,
				0F23218A2505F03200EFDB8A /* AppDelegate.swift in Sources */,
				0F868881250A876F00CA8661 /* HeaderCollectionViewCell.swift in Sources */,
				0F86887F250A832900CA8661 /* NewsArticleCollectionViewCell.swift in Sources */,
				0F23218C2505F03200EFDB8A /* SceneDelegate.swift in Sources */,
			);
			runOnlyForDeploymentPostprocessing = 0;
		};
/* End PBXSourcesBuildPhase section */

/* Begin PBXVariantGroup section */
		0F23218F2505F03200EFDB8A /* Main.storyboard */ = {
			isa = PBXVariantGroup;
			children = (
				0F2321902505F03200EFDB8A /* Base */,
			);
			name = Main.storyboard;
			sourceTree = "<group>";
		};
		0F2321942505F03700EFDB8A /* LaunchScreen.storyboard */ = {
			isa = PBXVariantGroup;
			children = (
				0F2321952505F03700EFDB8A /* Base */,
			);
			name = LaunchScreen.storyboard;
			sourceTree = "<group>";
		};
/* End PBXVariantGroup section */

/* Begin XCBuildConfiguration section */
		0F2321982505F03700EFDB8A /* Debug */ = {
			isa = XCBuildConfiguration;
			buildSettings = {
				ALWAYS_SEARCH_USER_PATHS = NO;
				CLANG_ANALYZER_NONNULL = YES;
				CLANG_ANALYZER_NUMBER_OBJECT_CONVERSION = YES_AGGRESSIVE;
				CLANG_CXX_LANGUAGE_STANDARD = "gnu++14";
				CLANG_CXX_LIBRARY = "libc++";
				CLANG_ENABLE_MODULES = YES;
				CLANG_ENABLE_OBJC_ARC = YES;
				CLANG_ENABLE_OBJC_WEAK = YES;
				CLANG_WARN_BLOCK_CAPTURE_AUTORELEASING = YES;
				CLANG_WARN_BOOL_CONVERSION = YES;
				CLANG_WARN_COMMA = YES;
				CLANG_WARN_CONSTANT_CONVERSION = YES;
				CLANG_WARN_DEPRECATED_OBJC_IMPLEMENTATIONS = YES;
				CLANG_WARN_DIRECT_OBJC_ISA_USAGE = YES_ERROR;
				CLANG_WARN_DOCUMENTATION_COMMENTS = YES;
				CLANG_WARN_EMPTY_BODY = YES;
				CLANG_WARN_ENUM_CONVERSION = YES;
				CLANG_WARN_INFINITE_RECURSION = YES;
				CLANG_WARN_INT_CONVERSION = YES;
				CLANG_WARN_NON_LITERAL_NULL_CONVERSION = YES;
				CLANG_WARN_OBJC_IMPLICIT_RETAIN_SELF = YES;
				CLANG_WARN_OBJC_LITERAL_CONVERSION = YES;
				CLANG_WARN_OBJC_ROOT_CLASS = YES_ERROR;
				CLANG_WARN_RANGE_LOOP_ANALYSIS = YES;
				CLANG_WARN_STRICT_PROTOTYPES = YES;
				CLANG_WARN_SUSPICIOUS_MOVE = YES;
				CLANG_WARN_UNGUARDED_AVAILABILITY = YES_AGGRESSIVE;
				CLANG_WARN_UNREACHABLE_CODE = YES;
				CLANG_WARN__DUPLICATE_METHOD_MATCH = YES;
				COPY_PHASE_STRIP = NO;
				DEBUG_INFORMATION_FORMAT = dwarf;
				ENABLE_STRICT_OBJC_MSGSEND = YES;
				ENABLE_TESTABILITY = YES;
				GCC_C_LANGUAGE_STANDARD = gnu11;
				GCC_DYNAMIC_NO_PIC = NO;
				GCC_NO_COMMON_BLOCKS = YES;
				GCC_OPTIMIZATION_LEVEL = 0;
				GCC_PREPROCESSOR_DEFINITIONS = (
					"DEBUG=1",
					"$(inherited)",
				);
				GCC_WARN_64_TO_32_BIT_CONVERSION = YES;
				GCC_WARN_ABOUT_RETURN_TYPE = YES_ERROR;
				GCC_WARN_UNDECLARED_SELECTOR = YES;
				GCC_WARN_UNINITIALIZED_AUTOS = YES_AGGRESSIVE;
				GCC_WARN_UNUSED_FUNCTION = YES;
				GCC_WARN_UNUSED_VARIABLE = YES;
				IPHONEOS_DEPLOYMENT_TARGET = 13.7;
				MTL_ENABLE_DEBUG_INFO = INCLUDE_SOURCE;
				MTL_FAST_MATH = YES;
				ONLY_ACTIVE_ARCH = YES;
				SDKROOT = iphoneos;
				SWIFT_ACTIVE_COMPILATION_CONDITIONS = DEBUG;
				SWIFT_OPTIMIZATION_LEVEL = "-Onone";
			};
			name = Debug;
		};
		0F2321992505F03800EFDB8A /* Release */ = {
			isa = XCBuildConfiguration;
			buildSettings = {
				ALWAYS_SEARCH_USER_PATHS = NO;
				CLANG_ANALYZER_NONNULL = YES;
				CLANG_ANALYZER_NUMBER_OBJECT_CONVERSION = YES_AGGRESSIVE;
				CLANG_CXX_LANGUAGE_STANDARD = "gnu++14";
				CLANG_CXX_LIBRARY = "libc++";
				CLANG_ENABLE_MODULES = YES;
				CLANG_ENABLE_OBJC_ARC = YES;
				CLANG_ENABLE_OBJC_WEAK = YES;
				CLANG_WARN_BLOCK_CAPTURE_AUTORELEASING = YES;
				CLANG_WARN_BOOL_CONVERSION = YES;
				CLANG_WARN_COMMA = YES;
				CLANG_WARN_CONSTANT_CONVERSION = YES;
				CLANG_WARN_DEPRECATED_OBJC_IMPLEMENTATIONS = YES;
				CLANG_WARN_DIRECT_OBJC_ISA_USAGE = YES_ERROR;
				CLANG_WARN_DOCUMENTATION_COMMENTS = YES;
				CLANG_WARN_EMPTY_BODY = YES;
				CLANG_WARN_ENUM_CONVERSION = YES;
				CLANG_WARN_INFINITE_RECURSION = YES;
				CLANG_WARN_INT_CONVERSION = YES;
				CLANG_WARN_NON_LITERAL_NULL_CONVERSION = YES;
				CLANG_WARN_OBJC_IMPLICIT_RETAIN_SELF = YES;
				CLANG_WARN_OBJC_LITERAL_CONVERSION = YES;
				CLANG_WARN_OBJC_ROOT_CLASS = YES_ERROR;
				CLANG_WARN_RANGE_LOOP_ANALYSIS = YES;
				CLANG_WARN_STRICT_PROTOTYPES = YES;
				CLANG_WARN_SUSPICIOUS_MOVE = YES;
				CLANG_WARN_UNGUARDED_AVAILABILITY = YES_AGGRESSIVE;
				CLANG_WARN_UNREACHABLE_CODE = YES;
				CLANG_WARN__DUPLICATE_METHOD_MATCH = YES;
				COPY_PHASE_STRIP = NO;
				DEBUG_INFORMATION_FORMAT = "dwarf-with-dsym";
				ENABLE_NS_ASSERTIONS = NO;
				ENABLE_STRICT_OBJC_MSGSEND = YES;
				GCC_C_LANGUAGE_STANDARD = gnu11;
				GCC_NO_COMMON_BLOCKS = YES;
				GCC_WARN_64_TO_32_BIT_CONVERSION = YES;
				GCC_WARN_ABOUT_RETURN_TYPE = YES_ERROR;
				GCC_WARN_UNDECLARED_SELECTOR = YES;
				GCC_WARN_UNINITIALIZED_AUTOS = YES_AGGRESSIVE;
				GCC_WARN_UNUSED_FUNCTION = YES;
				GCC_WARN_UNUSED_VARIABLE = YES;
				IPHONEOS_DEPLOYMENT_TARGET = 13.7;
				MTL_ENABLE_DEBUG_INFO = NO;
				MTL_FAST_MATH = YES;
				SDKROOT = iphoneos;
				SWIFT_COMPILATION_MODE = wholemodule;
				SWIFT_OPTIMIZATION_LEVEL = "-O";
				VALIDATE_PRODUCT = YES;
			};
			name = Release;
		};
		0F23219B2505F03800EFDB8A /* Debug */ = {
			isa = XCBuildConfiguration;
			buildSettings = {
				ASSETCATALOG_COMPILER_APPICON_NAME = AppIcon;
				CODE_SIGN_STYLE = Automatic;
				DEVELOPMENT_TEAM = G7378T2T27;
				INFOPLIST_FILE = "Personal Project 1/Info.plist";
				LD_RUNPATH_SEARCH_PATHS = (
					"$(inherited)",
					"@executable_path/Frameworks",
				);
				PRODUCT_BUNDLE_IDENTIFIER = "-.Personal-Project-1";
				PRODUCT_NAME = "$(TARGET_NAME)";
				SWIFT_VERSION = 5.0;
				TARGETED_DEVICE_FAMILY = "1,2";
			};
			name = Debug;
		};
		0F23219C2505F03800EFDB8A /* Release */ = {
			isa = XCBuildConfiguration;
			buildSettings = {
				ASSETCATALOG_COMPILER_APPICON_NAME = AppIcon;
				CODE_SIGN_STYLE = Automatic;
				DEVELOPMENT_TEAM = G7378T2T27;
				INFOPLIST_FILE = "Personal Project 1/Info.plist";
				LD_RUNPATH_SEARCH_PATHS = (
					"$(inherited)",
					"@executable_path/Frameworks",
				);
				PRODUCT_BUNDLE_IDENTIFIER = "-.Personal-Project-1";
				PRODUCT_NAME = "$(TARGET_NAME)";
				SWIFT_VERSION = 5.0;
				TARGETED_DEVICE_FAMILY = "1,2";
			};
			name = Release;
		};
/* End XCBuildConfiguration section */

/* Begin XCConfigurationList section */
		0F2321812505F03200EFDB8A /* Build configuration list for PBXProject "Personal Project 1" */ = {
			isa = XCConfigurationList;
			buildConfigurations = (
				0F2321982505F03700EFDB8A /* Debug */,
				0F2321992505F03800EFDB8A /* Release */,
			);
			defaultConfigurationIsVisible = 0;
			defaultConfigurationName = Release;
		};
		0F23219A2505F03800EFDB8A /* Build configuration list for PBXNativeTarget "Personal Project 1" */ = {
			isa = XCConfigurationList;
			buildConfigurations = (
				0F23219B2505F03800EFDB8A /* Debug */,
				0F23219C2505F03800EFDB8A /* Release */,
			);
			defaultConfigurationIsVisible = 0;
			defaultConfigurationName = Release;
		};
/* End XCConfigurationList section */
	};
	rootObject = 0F23217E2505F03200EFDB8A /* Project object */;
}
